
Microsoft Visual Studio Solution File, Format Version 12.00
# Visual Studio Version 16
VisualStudioVersion = 25.0.1706.7
MinimumVisualStudioVersion = 10.0.40219.1
Project("{FAE04EC0-301F-11D3-BF4B-00C04F79EFBC}") = "PruebaTrabajador", "PruebaTrabajador\PruebaTrabajador.csproj", "{BB4A5055-BB76-4014-8E34-523DE65F3432}"
EndProject
Global
	GlobalSection(SolutionConfigurationPlatforms) = preSolution
		Debug|Any CPU = Debug|Any CPU
		Release|Any CPU = Release|Any CPU
	EndGlobalSection
	GlobalSection(ProjectConfigurationPlatforms) = postSolution
		{BB4A5055-BB76-4014-8E34-523DE65F3432}.Debug|Any CPU.ActiveCfg = Debug|Any CPU
		{BB4A5055-BB76-4014-8E34-523DE65F3432}.Debug|Any CPU.Build.0 = Debug|Any CPU
		{BB4A5055-BB76-4014-8E34-523DE65F3432}.Release|Any CPU.ActiveCfg = Release|Any CPU
		{BB4A5055-BB76-4014-8E34-523DE65F3432}.Release|Any CPU.Build.0 = Release|Any CPU
	EndGlobalSection
	GlobalSection(SolutionProperties) = preSolution
		HideSolutionNode = FALSE
	EndGlobalSection
	GlobalSection(ExtensibilityGlobals) = postSolution
		SolutionGuid = {FB6FC466-2E0D-4D40-B5FA-74E590CDFF83}
	EndGlobalSection
EndGlobal
